
Microsoft Visual Studio Solution File, Format Version 12.00
# Visual Studio Version 16
VisualStudioVersion = 16.0.29609.76
MinimumVisualStudioVersion = 10.0.40219.1
Project("{FAE04EC0-301F-11D3-BF4B-00C04F79EFBC}") = "HeartBeat", "HeartBeat\HeartBeat.csproj", "{C9AC42E9-E7EA-4A0C-95A9-6793A2832A1F}"
EndProject
Global
	GlobalSection(SolutionConfigurationPlatforms) = preSolution
		Debug|Any CPU = Debug|Any CPU
		Release|Any CPU = Release|Any CPU
	EndGlobalSection
	GlobalSection(ProjectConfigurationPlatforms) = postSolution
		{C9AC42E9-E7EA-4A0C-95A9-6793A2832A1F}.Debug|Any CPU.ActiveCfg = Debug|Any CPU
		{C9AC42E9-E7EA-4A0C-95A9-6793A2832A1F}.Debug|Any CPU.Build.0 = Debug|Any CPU
		{C9AC42E9-E7EA-4A0C-95A9-6793A2832A1F}.Release|Any CPU.ActiveCfg = Release|Any CPU
		{C9AC42E9-E7EA-4A0C-95A9-6793A2832A1F}.Release|Any CPU.Build.0 = Release|Any CPU
	EndGlobalSection
	GlobalSection(SolutionProperties) = preSolution
		HideSolutionNode = FALSE
	EndGlobalSection
	GlobalSection(ExtensibilityGlobals) = postSolution
		SolutionGuid = {81877878-F8E8-41F8-9097-84E8931FD5DE}
	EndGlobalSection
EndGlobal
